// !$*UTF8*$!
{
	archiveVersion = 1;
	classes = {
	};
	objectVersion = 56;
	objects = {

/* Begin PBXBuildFile section */
		3D2D61D32C18427B0046C2F4 /* LibraryIssueView.swift in Sources */ = {isa = PBXBuildFile; fileRef = 3D2D61D22C18427B0046C2F4 /* LibraryIssueView.swift */; };
		3D8EEAB02C18491400C8E01A /* CameraViewController.swift in Sources */ = {isa = PBXBuildFile; fileRef = 3D8EEAAF2C18491400C8E01A /* CameraViewController.swift */; };
		3D8EEAB42C184DB800C8E01A /* IssueRequestModalView.swift in Sources */ = {isa = PBXBuildFile; fileRef = 3D8EEAB32C184DB800C8E01A /* IssueRequestModalView.swift */; };
		4D1E20C92BFDB3670023B910 /* BookWardenApp.swift in Sources */ = {isa = PBXBuildFile; fileRef = 4D1E20C82BFDB3670023B910 /* BookWardenApp.swift */; };
		4D1E20CB2BFDB3670023B910 /* ContentView.swift in Sources */ = {isa = PBXBuildFile; fileRef = 4D1E20CA2BFDB3670023B910 /* ContentView.swift */; };
		4D1E20CD2BFDB3690023B910 /* Assets.xcassets in Resources */ = {isa = PBXBuildFile; fileRef = 4D1E20CC2BFDB3690023B910 /* Assets.xcassets */; };
		4D1E20D02BFDB3690023B910 /* Preview Assets.xcassets in Resources */ = {isa = PBXBuildFile; fileRef = 4D1E20CF2BFDB3690023B910 /* Preview Assets.xcassets */; };
		4D1E20DA2BFDB36A0023B910 /* BookWardenTests.swift in Sources */ = {isa = PBXBuildFile; fileRef = 4D1E20D92BFDB36A0023B910 /* BookWardenTests.swift */; };
		4D1E20E42BFDB36A0023B910 /* BookWardenUITests.swift in Sources */ = {isa = PBXBuildFile; fileRef = 4D1E20E32BFDB36A0023B910 /* BookWardenUITests.swift */; };
		4D1E20E62BFDB36A0023B910 /* BookWardenUITestsLaunchTests.swift in Sources */ = {isa = PBXBuildFile; fileRef = 4D1E20E52BFDB36A0023B910 /* BookWardenUITestsLaunchTests.swift */; };
		4D2040CF2C064542004FC6B9 /* UserRecommendationView.swift in Sources */ = {isa = PBXBuildFile; fileRef = 4D2040CE2C064542004FC6B9 /* UserRecommendationView.swift */; };
		4D2040D22C065BFE004FC6B9 /* CategoryComponent.swift in Sources */ = {isa = PBXBuildFile; fileRef = 4D2040D12C065BFE004FC6B9 /* CategoryComponent.swift */; };
		4D2040D42C0716B4004FC6B9 /* UserHomeGenresSubView.swift in Sources */ = {isa = PBXBuildFile; fileRef = 4D2040D32C0716B4004FC6B9 /* UserHomeGenresSubView.swift */; };
		4D2040D62C071818004FC6B9 /* TitleComponent.swift in Sources */ = {isa = PBXBuildFile; fileRef = 4D2040D52C071818004FC6B9 /* TitleComponent.swift */; };
		4D2040D82C0718E2004FC6B9 /* ArrivalCardsSubView.swift in Sources */ = {isa = PBXBuildFile; fileRef = 4D2040D72C0718E2004FC6B9 /* ArrivalCardsSubView.swift */; };
		4D2040DB2C076C16004FC6B9 /* BooksCategoryListView.swift in Sources */ = {isa = PBXBuildFile; fileRef = 4D2040DA2C076C16004FC6B9 /* BooksCategoryListView.swift */; };
		4D2040DE2C076E54004FC6B9 /* ArrivalBooks.swift in Sources */ = {isa = PBXBuildFile; fileRef = 4D2040DD2C076E54004FC6B9 /* ArrivalBooks.swift */; };
		4D2040E32C0798CA004FC6B9 /* CategorySubView.swift in Sources */ = {isa = PBXBuildFile; fileRef = 4D2040E22C0798CA004FC6B9 /* CategorySubView.swift */; };
		4D2040EA2C08DCCE004FC6B9 /* WishListCardView.swift in Sources */ = {isa = PBXBuildFile; fileRef = 4D2040E92C08DCCE004FC6B9 /* WishListCardView.swift */; };
		4D2040ED2C08E516004FC6B9 /* Login.swift in Sources */ = {isa = PBXBuildFile; fileRef = 4D2040EC2C08E516004FC6B9 /* Login.swift */; };
		4D2040EF2C09AF03004FC6B9 /* LibrarianView.swift in Sources */ = {isa = PBXBuildFile; fileRef = 4D2040EE2C09AF03004FC6B9 /* LibrarianView.swift */; };
		4D2040F42C09E59C004FC6B9 /* LibrarianCatalogueView.swift in Sources */ = {isa = PBXBuildFile; fileRef = 4D2040F32C09E59B004FC6B9 /* LibrarianCatalogueView.swift */; };
		4D2040F62C09E6D8004FC6B9 /* LibrarianUsersView.swift in Sources */ = {isa = PBXBuildFile; fileRef = 4D2040F52C09E6D8004FC6B9 /* LibrarianUsersView.swift */; };
		4D2040F82C09F1DF004FC6B9 /* CatalogueSingleBookSubView.swift in Sources */ = {isa = PBXBuildFile; fileRef = 4D2040F72C09F1DF004FC6B9 /* CatalogueSingleBookSubView.swift */; };
		4D2040FA2C09FDFB004FC6B9 /* LibrarianRequestsView.swift in Sources */ = {isa = PBXBuildFile; fileRef = 4D2040F92C09FDFB004FC6B9 /* LibrarianRequestsView.swift */; };
		4D2040FE2C0A3077004FC6B9 /* User.swift in Sources */ = {isa = PBXBuildFile; fileRef = 4D2040FD2C0A3077004FC6B9 /* User.swift */; };
		4D2041002C0A3106004FC6B9 /* Fine.swift in Sources */ = {isa = PBXBuildFile; fileRef = 4D2040FF2C0A3106004FC6B9 /* Fine.swift */; };
		4D2041022C0A312E004FC6B9 /* Wishlist.swift in Sources */ = {isa = PBXBuildFile; fileRef = 4D2041012C0A312E004FC6B9 /* Wishlist.swift */; };
		4D2041042C0A3146004FC6B9 /* Book.swift in Sources */ = {isa = PBXBuildFile; fileRef = 4D2041032C0A3146004FC6B9 /* Book.swift */; };
		4D2041062C0A31B2004FC6B9 /* Genre.swift in Sources */ = {isa = PBXBuildFile; fileRef = 4D2041052C0A31B2004FC6B9 /* Genre.swift */; };
		4D2041082C0A32AE004FC6B9 /* Issue.swift in Sources */ = {isa = PBXBuildFile; fileRef = 4D2041072C0A32AE004FC6B9 /* Issue.swift */; };
		4D20410A2C0A3308004FC6B9 /* Library.swift in Sources */ = {isa = PBXBuildFile; fileRef = 4D2041092C0A3308004FC6B9 /* Library.swift */; };
		4D20410D2C0B678B004FC6B9 /* LibraryManager.swift in Sources */ = {isa = PBXBuildFile; fileRef = 4D20410C2C0B678B004FC6B9 /* LibraryManager.swift */; };
		4D20410F2C0B8421004FC6B9 /* IssueManager.swift in Sources */ = {isa = PBXBuildFile; fileRef = 4D20410E2C0B8421004FC6B9 /* IssueManager.swift */; };
		4D2041112C0B843B004FC6B9 /* GenreManager.swift in Sources */ = {isa = PBXBuildFile; fileRef = 4D2041102C0B843B004FC6B9 /* GenreManager.swift */; };
		4D2041132C0B849E004FC6B9 /* BookManager.swift in Sources */ = {isa = PBXBuildFile; fileRef = 4D2041122C0B849E004FC6B9 /* BookManager.swift */; };
		4D2041152C0B84F4004FC6B9 /* WishlistManager.swift in Sources */ = {isa = PBXBuildFile; fileRef = 4D2041142C0B84F4004FC6B9 /* WishlistManager.swift */; };
		4D2041172C0B8528004FC6B9 /* FineManager.swift in Sources */ = {isa = PBXBuildFile; fileRef = 4D2041162C0B8528004FC6B9 /* FineManager.swift */; };
		4D2041192C0B8547004FC6B9 /* UserManager.swift in Sources */ = {isa = PBXBuildFile; fileRef = 4D2041182C0B8547004FC6B9 /* UserManager.swift */; };
		4D5ADAA82C04F0B1002EAC6A /* UserHomeView.swift in Sources */ = {isa = PBXBuildFile; fileRef = 4D5ADAA72C04F0B1002EAC6A /* UserHomeView.swift */; };
		4D5ADAAA2C04F0C5002EAC6A /* LibrarianStatsView.swift in Sources */ = {isa = PBXBuildFile; fileRef = 4D5ADAA92C04F0C5002EAC6A /* LibrarianStatsView.swift */; };
		4D5ADAAC2C04F0D2002EAC6A /* AdminHomeView.swift in Sources */ = {isa = PBXBuildFile; fileRef = 4D5ADAAB2C04F0D2002EAC6A /* AdminHomeView.swift */; };
		4D5ADAB02C04F709002EAC6A /* UserLibraryView.swift in Sources */ = {isa = PBXBuildFile; fileRef = 4D5ADAAF2C04F709002EAC6A /* UserLibraryView.swift */; };
		4D5ADAB32C04F776002EAC6A /* UserWishlistView.swift in Sources */ = {isa = PBXBuildFile; fileRef = 4D5ADAB22C04F776002EAC6A /* UserWishlistView.swift */; };
		4D5ADAB62C04F819002EAC6A /* UserProfileView.swift in Sources */ = {isa = PBXBuildFile; fileRef = 4D5ADAB52C04F819002EAC6A /* UserProfileView.swift */; };
		4D8F430D2C05E92A00B3F342 /* UserView.swift in Sources */ = {isa = PBXBuildFile; fileRef = 4D8F430C2C05E92A00B3F342 /* UserView.swift */; };
		4D8F43102C05EC4F00B3F342 /* HomeDeadlineCard.swift in Sources */ = {isa = PBXBuildFile; fileRef = 4D8F430F2C05EC4F00B3F342 /* HomeDeadlineCard.swift */; };
		4DA27A8B2C11B01500AE9055 /* UserDetailView.swift in Sources */ = {isa = PBXBuildFile; fileRef = 4DA27A8A2C11B01500AE9055 /* UserDetailView.swift */; };
		4DA27A8D2C11B06C00AE9055 /* IssuedBooks.swift in Sources */ = {isa = PBXBuildFile; fileRef = 4DA27A8C2C11B06C00AE9055 /* IssuedBooks.swift */; };
		4DA27A8F2C11B08700AE9055 /* IssuedBooksCard.swift in Sources */ = {isa = PBXBuildFile; fileRef = 4DA27A8E2C11B08700AE9055 /* IssuedBooksCard.swift */; };
		4DA27A912C11B0AB00AE9055 /* UserFinesView.swift in Sources */ = {isa = PBXBuildFile; fileRef = 4DA27A902C11B0AB00AE9055 /* UserFinesView.swift */; };
		4DA27A932C11B0D800AE9055 /* FinesViewCard.swift in Sources */ = {isa = PBXBuildFile; fileRef = 4DA27A922C11B0D800AE9055 /* FinesViewCard.swift */; };
		4DA27A952C124E9600AE9055 /* AddBookModalView.swift in Sources */ = {isa = PBXBuildFile; fileRef = 4DA27A942C124E9600AE9055 /* AddBookModalView.swift */; };
		4DA27A972C1303A500AE9055 /* QRScannerView.swift in Sources */ = {isa = PBXBuildFile; fileRef = 4DA27A962C1303A500AE9055 /* QRScannerView.swift */; };
		4DCD0F672C0D1372003CB23F /* BookDescriptionView.swift in Sources */ = {isa = PBXBuildFile; fileRef = 4DCD0F662C0D1372003CB23F /* BookDescriptionView.swift */; };
		4DCD0F6A2C0DAE2F003CB23F /* AdminLibrariesView.swift in Sources */ = {isa = PBXBuildFile; fileRef = 4DCD0F692C0DAE2F003CB23F /* AdminLibrariesView.swift */; };
		4DCD0F6D2C0DAF23003CB23F /* SingleLibraryView.swift in Sources */ = {isa = PBXBuildFile; fileRef = 4DCD0F6C2C0DAF23003CB23F /* SingleLibraryView.swift */; };
		4DCD0F6F2C0DB4F0003CB23F /* AdminStatsView.swift in Sources */ = {isa = PBXBuildFile; fileRef = 4DCD0F6E2C0DB4F0003CB23F /* AdminStatsView.swift */; };
		4DCD0F712C0DB869003CB23F /* AdminAddLibrarySubView.swift in Sources */ = {isa = PBXBuildFile; fileRef = 4DCD0F702C0DB869003CB23F /* AdminAddLibrarySubView.swift */; };
		4DCD0F742C0F825C003CB23F /* IssuedBooksView.swift in Sources */ = {isa = PBXBuildFile; fileRef = 4DCD0F732C0F825C003CB23F /* IssuedBooksView.swift */; };
		4DCD0F762C0F828D003CB23F /* IssuedBooksSSView.swift in Sources */ = {isa = PBXBuildFile; fileRef = 4DCD0F752C0F828D003CB23F /* IssuedBooksSSView.swift */; };
		4DCD0F782C0F82AD003CB23F /* FinesView.swift in Sources */ = {isa = PBXBuildFile; fileRef = 4DCD0F772C0F82AD003CB23F /* FinesView.swift */; };
		4DCD0F7A2C0F82DE003CB23F /* BookFineCard.swift in Sources */ = {isa = PBXBuildFile; fileRef = 4DCD0F792C0F82DE003CB23F /* BookFineCard.swift */; };
/* End PBXBuildFile section */

/* Begin PBXContainerItemProxy section */
		4D1E20D62BFDB36A0023B910 /* PBXContainerItemProxy */ = {
			isa = PBXContainerItemProxy;
			containerPortal = 4D1E20BD2BFDB3670023B910 /* Project object */;
			proxyType = 1;
			remoteGlobalIDString = 4D1E20C42BFDB3670023B910;
			remoteInfo = BookWarden;
		};
		4D1E20E02BFDB36A0023B910 /* PBXContainerItemProxy */ = {
			isa = PBXContainerItemProxy;
			containerPortal = 4D1E20BD2BFDB3670023B910 /* Project object */;
			proxyType = 1;
			remoteGlobalIDString = 4D1E20C42BFDB3670023B910;
			remoteInfo = BookWarden;
		};
/* End PBXContainerItemProxy section */

/* Begin PBXFileReference section */
		3D2D61D22C18427B0046C2F4 /* LibraryIssueView.swift */ = {isa = PBXFileReference; lastKnownFileType = sourcecode.swift; path = LibraryIssueView.swift; sourceTree = "<group>"; };
		3D8EEAAF2C18491400C8E01A /* CameraViewController.swift */ = {isa = PBXFileReference; lastKnownFileType = sourcecode.swift; path = CameraViewController.swift; sourceTree = "<group>"; };
		3D8EEAB32C184DB800C8E01A /* IssueRequestModalView.swift */ = {isa = PBXFileReference; lastKnownFileType = sourcecode.swift; path = IssueRequestModalView.swift; sourceTree = "<group>"; };
		4D1E20C52BFDB3670023B910 /* BookWarden.app */ = {isa = PBXFileReference; explicitFileType = wrapper.application; includeInIndex = 0; path = BookWarden.app; sourceTree = BUILT_PRODUCTS_DIR; };
		4D1E20C82BFDB3670023B910 /* BookWardenApp.swift */ = {isa = PBXFileReference; lastKnownFileType = sourcecode.swift; path = BookWardenApp.swift; sourceTree = "<group>"; };
		4D1E20CA2BFDB3670023B910 /* ContentView.swift */ = {isa = PBXFileReference; lastKnownFileType = sourcecode.swift; path = ContentView.swift; sourceTree = "<group>"; };
		4D1E20CC2BFDB3690023B910 /* Assets.xcassets */ = {isa = PBXFileReference; lastKnownFileType = folder.assetcatalog; path = Assets.xcassets; sourceTree = "<group>"; };
		4D1E20CF2BFDB3690023B910 /* Preview Assets.xcassets */ = {isa = PBXFileReference; lastKnownFileType = folder.assetcatalog; path = "Preview Assets.xcassets"; sourceTree = "<group>"; };
		4D1E20D52BFDB36A0023B910 /* BookWardenTests.xctest */ = {isa = PBXFileReference; explicitFileType = wrapper.cfbundle; includeInIndex = 0; path = BookWardenTests.xctest; sourceTree = BUILT_PRODUCTS_DIR; };
		4D1E20D92BFDB36A0023B910 /* BookWardenTests.swift */ = {isa = PBXFileReference; lastKnownFileType = sourcecode.swift; path = BookWardenTests.swift; sourceTree = "<group>"; };
		4D1E20DF2BFDB36A0023B910 /* BookWardenUITests.xctest */ = {isa = PBXFileReference; explicitFileType = wrapper.cfbundle; includeInIndex = 0; path = BookWardenUITests.xctest; sourceTree = BUILT_PRODUCTS_DIR; };
		4D1E20E32BFDB36A0023B910 /* BookWardenUITests.swift */ = {isa = PBXFileReference; lastKnownFileType = sourcecode.swift; path = BookWardenUITests.swift; sourceTree = "<group>"; };
		4D1E20E52BFDB36A0023B910 /* BookWardenUITestsLaunchTests.swift */ = {isa = PBXFileReference; lastKnownFileType = sourcecode.swift; path = BookWardenUITestsLaunchTests.swift; sourceTree = "<group>"; };
		4D2040CE2C064542004FC6B9 /* UserRecommendationView.swift */ = {isa = PBXFileReference; lastKnownFileType = sourcecode.swift; path = UserRecommendationView.swift; sourceTree = "<group>"; };
		4D2040D12C065BFE004FC6B9 /* CategoryComponent.swift */ = {isa = PBXFileReference; lastKnownFileType = sourcecode.swift; path = CategoryComponent.swift; sourceTree = "<group>"; };
		4D2040D32C0716B4004FC6B9 /* UserHomeGenresSubView.swift */ = {isa = PBXFileReference; lastKnownFileType = sourcecode.swift; path = UserHomeGenresSubView.swift; sourceTree = "<group>"; };
		4D2040D52C071818004FC6B9 /* TitleComponent.swift */ = {isa = PBXFileReference; lastKnownFileType = sourcecode.swift; path = TitleComponent.swift; sourceTree = "<group>"; };
		4D2040D72C0718E2004FC6B9 /* ArrivalCardsSubView.swift */ = {isa = PBXFileReference; lastKnownFileType = sourcecode.swift; path = ArrivalCardsSubView.swift; sourceTree = "<group>"; };
		4D2040DA2C076C16004FC6B9 /* BooksCategoryListView.swift */ = {isa = PBXFileReference; lastKnownFileType = sourcecode.swift; path = BooksCategoryListView.swift; sourceTree = "<group>"; };
		4D2040DD2C076E54004FC6B9 /* ArrivalBooks.swift */ = {isa = PBXFileReference; lastKnownFileType = sourcecode.swift; path = ArrivalBooks.swift; sourceTree = "<group>"; };
		4D2040E22C0798CA004FC6B9 /* CategorySubView.swift */ = {isa = PBXFileReference; lastKnownFileType = sourcecode.swift; path = CategorySubView.swift; sourceTree = "<group>"; };
		4D2040E92C08DCCE004FC6B9 /* WishListCardView.swift */ = {isa = PBXFileReference; lastKnownFileType = sourcecode.swift; path = WishListCardView.swift; sourceTree = "<group>"; };
		4D2040EC2C08E516004FC6B9 /* Login.swift */ = {isa = PBXFileReference; lastKnownFileType = sourcecode.swift; path = Login.swift; sourceTree = "<group>"; };
		4D2040EE2C09AF03004FC6B9 /* LibrarianView.swift */ = {isa = PBXFileReference; lastKnownFileType = sourcecode.swift; path = LibrarianView.swift; sourceTree = "<group>"; };
		4D2040F32C09E59B004FC6B9 /* LibrarianCatalogueView.swift */ = {isa = PBXFileReference; lastKnownFileType = sourcecode.swift; path = LibrarianCatalogueView.swift; sourceTree = "<group>"; };
		4D2040F52C09E6D8004FC6B9 /* LibrarianUsersView.swift */ = {isa = PBXFileReference; lastKnownFileType = sourcecode.swift; path = LibrarianUsersView.swift; sourceTree = "<group>"; };
		4D2040F72C09F1DF004FC6B9 /* CatalogueSingleBookSubView.swift */ = {isa = PBXFileReference; lastKnownFileType = sourcecode.swift; path = CatalogueSingleBookSubView.swift; sourceTree = "<group>"; };
		4D2040F92C09FDFB004FC6B9 /* LibrarianRequestsView.swift */ = {isa = PBXFileReference; lastKnownFileType = sourcecode.swift; path = LibrarianRequestsView.swift; sourceTree = "<group>"; };
		4D2040FD2C0A3077004FC6B9 /* User.swift */ = {isa = PBXFileReference; lastKnownFileType = sourcecode.swift; path = User.swift; sourceTree = "<group>"; };
		4D2040FF2C0A3106004FC6B9 /* Fine.swift */ = {isa = PBXFileReference; lastKnownFileType = sourcecode.swift; path = Fine.swift; sourceTree = "<group>"; };
		4D2041012C0A312E004FC6B9 /* Wishlist.swift */ = {isa = PBXFileReference; lastKnownFileType = sourcecode.swift; path = Wishlist.swift; sourceTree = "<group>"; };
		4D2041032C0A3146004FC6B9 /* Book.swift */ = {isa = PBXFileReference; lastKnownFileType = sourcecode.swift; path = Book.swift; sourceTree = "<group>"; };
		4D2041052C0A31B2004FC6B9 /* Genre.swift */ = {isa = PBXFileReference; lastKnownFileType = sourcecode.swift; path = Genre.swift; sourceTree = "<group>"; };
		4D2041072C0A32AE004FC6B9 /* Issue.swift */ = {isa = PBXFileReference; lastKnownFileType = sourcecode.swift; path = Issue.swift; sourceTree = "<group>"; };
		4D2041092C0A3308004FC6B9 /* Library.swift */ = {isa = PBXFileReference; lastKnownFileType = sourcecode.swift; path = Library.swift; sourceTree = "<group>"; };
		4D20410C2C0B678B004FC6B9 /* LibraryManager.swift */ = {isa = PBXFileReference; lastKnownFileType = sourcecode.swift; path = LibraryManager.swift; sourceTree = "<group>"; };
		4D20410E2C0B8421004FC6B9 /* IssueManager.swift */ = {isa = PBXFileReference; lastKnownFileType = sourcecode.swift; path = IssueManager.swift; sourceTree = "<group>"; };
		4D2041102C0B843B004FC6B9 /* GenreManager.swift */ = {isa = PBXFileReference; lastKnownFileType = sourcecode.swift; path = GenreManager.swift; sourceTree = "<group>"; };
		4D2041122C0B849E004FC6B9 /* BookManager.swift */ = {isa = PBXFileReference; lastKnownFileType = sourcecode.swift; path = BookManager.swift; sourceTree = "<group>"; };
		4D2041142C0B84F4004FC6B9 /* WishlistManager.swift */ = {isa = PBXFileReference; lastKnownFileType = sourcecode.swift; path = WishlistManager.swift; sourceTree = "<group>"; };
		4D2041162C0B8528004FC6B9 /* FineManager.swift */ = {isa = PBXFileReference; lastKnownFileType = sourcecode.swift; path = FineManager.swift; sourceTree = "<group>"; };
		4D2041182C0B8547004FC6B9 /* UserManager.swift */ = {isa = PBXFileReference; lastKnownFileType = sourcecode.swift; path = UserManager.swift; sourceTree = "<group>"; };
		4D5ADAA72C04F0B1002EAC6A /* UserHomeView.swift */ = {isa = PBXFileReference; lastKnownFileType = sourcecode.swift; path = UserHomeView.swift; sourceTree = "<group>"; };
		4D5ADAA92C04F0C5002EAC6A /* LibrarianStatsView.swift */ = {isa = PBXFileReference; lastKnownFileType = sourcecode.swift; path = LibrarianStatsView.swift; sourceTree = "<group>"; };
		4D5ADAAB2C04F0D2002EAC6A /* AdminHomeView.swift */ = {isa = PBXFileReference; lastKnownFileType = sourcecode.swift; path = AdminHomeView.swift; sourceTree = "<group>"; };
		4D5ADAAF2C04F709002EAC6A /* UserLibraryView.swift */ = {isa = PBXFileReference; lastKnownFileType = sourcecode.swift; path = UserLibraryView.swift; sourceTree = "<group>"; };
		4D5ADAB22C04F776002EAC6A /* UserWishlistView.swift */ = {isa = PBXFileReference; lastKnownFileType = sourcecode.swift; path = UserWishlistView.swift; sourceTree = "<group>"; };
		4D5ADAB52C04F819002EAC6A /* UserProfileView.swift */ = {isa = PBXFileReference; lastKnownFileType = sourcecode.swift; path = UserProfileView.swift; sourceTree = "<group>"; };
		4D8F430C2C05E92A00B3F342 /* UserView.swift */ = {isa = PBXFileReference; lastKnownFileType = sourcecode.swift; path = UserView.swift; sourceTree = "<group>"; };
		4D8F430F2C05EC4F00B3F342 /* HomeDeadlineCard.swift */ = {isa = PBXFileReference; lastKnownFileType = sourcecode.swift; path = HomeDeadlineCard.swift; sourceTree = "<group>"; };
		4DA27A8A2C11B01500AE9055 /* UserDetailView.swift */ = {isa = PBXFileReference; lastKnownFileType = sourcecode.swift; path = UserDetailView.swift; sourceTree = "<group>"; };
		4DA27A8C2C11B06C00AE9055 /* IssuedBooks.swift */ = {isa = PBXFileReference; lastKnownFileType = sourcecode.swift; path = IssuedBooks.swift; sourceTree = "<group>"; };
		4DA27A8E2C11B08700AE9055 /* IssuedBooksCard.swift */ = {isa = PBXFileReference; lastKnownFileType = sourcecode.swift; path = IssuedBooksCard.swift; sourceTree = "<group>"; };
		4DA27A902C11B0AB00AE9055 /* UserFinesView.swift */ = {isa = PBXFileReference; lastKnownFileType = sourcecode.swift; path = UserFinesView.swift; sourceTree = "<group>"; };
		4DA27A922C11B0D800AE9055 /* FinesViewCard.swift */ = {isa = PBXFileReference; lastKnownFileType = sourcecode.swift; path = FinesViewCard.swift; sourceTree = "<group>"; };
		4DA27A942C124E9600AE9055 /* AddBookModalView.swift */ = {isa = PBXFileReference; lastKnownFileType = sourcecode.swift; path = AddBookModalView.swift; sourceTree = "<group>"; };
		4DA27A962C1303A500AE9055 /* QRScannerView.swift */ = {isa = PBXFileReference; lastKnownFileType = sourcecode.swift; path = QRScannerView.swift; sourceTree = "<group>"; };
		4DCD0F662C0D1372003CB23F /* BookDescriptionView.swift */ = {isa = PBXFileReference; lastKnownFileType = sourcecode.swift; path = BookDescriptionView.swift; sourceTree = "<group>"; };
		4DCD0F692C0DAE2F003CB23F /* AdminLibrariesView.swift */ = {isa = PBXFileReference; lastKnownFileType = sourcecode.swift; path = AdminLibrariesView.swift; sourceTree = "<group>"; };
		4DCD0F6C2C0DAF23003CB23F /* SingleLibraryView.swift */ = {isa = PBXFileReference; lastKnownFileType = sourcecode.swift; path = SingleLibraryView.swift; sourceTree = "<group>"; };
		4DCD0F6E2C0DB4F0003CB23F /* AdminStatsView.swift */ = {isa = PBXFileReference; lastKnownFileType = sourcecode.swift; path = AdminStatsView.swift; sourceTree = "<group>"; };
		4DCD0F702C0DB869003CB23F /* AdminAddLibrarySubView.swift */ = {isa = PBXFileReference; lastKnownFileType = sourcecode.swift; path = AdminAddLibrarySubView.swift; sourceTree = "<group>"; };
		4DCD0F732C0F825C003CB23F /* IssuedBooksView.swift */ = {isa = PBXFileReference; lastKnownFileType = sourcecode.swift; path = IssuedBooksView.swift; sourceTree = "<group>"; };
		4DCD0F752C0F828D003CB23F /* IssuedBooksSSView.swift */ = {isa = PBXFileReference; lastKnownFileType = sourcecode.swift; path = IssuedBooksSSView.swift; sourceTree = "<group>"; };
		4DCD0F772C0F82AD003CB23F /* FinesView.swift */ = {isa = PBXFileReference; lastKnownFileType = sourcecode.swift; path = FinesView.swift; sourceTree = "<group>"; };
		4DCD0F792C0F82DE003CB23F /* BookFineCard.swift */ = {isa = PBXFileReference; lastKnownFileType = sourcecode.swift; path = BookFineCard.swift; sourceTree = "<group>"; };
/* End PBXFileReference section */

/* Begin PBXFrameworksBuildPhase section */
		4D1E20C22BFDB3670023B910 /* Frameworks */ = {
			isa = PBXFrameworksBuildPhase;
			buildActionMask = 2147483647;
			files = (
			);
			runOnlyForDeploymentPostprocessing = 0;
		};
		4D1E20D22BFDB36A0023B910 /* Frameworks */ = {
			isa = PBXFrameworksBuildPhase;
			buildActionMask = 2147483647;
			files = (
			);
			runOnlyForDeploymentPostprocessing = 0;
		};
		4D1E20DC2BFDB36A0023B910 /* Frameworks */ = {
			isa = PBXFrameworksBuildPhase;
			buildActionMask = 2147483647;
			files = (
			);
			runOnlyForDeploymentPostprocessing = 0;
		};
/* End PBXFrameworksBuildPhase section */

/* Begin PBXGroup section */
		4D1E20BC2BFDB3670023B910 = {
			isa = PBXGroup;
			children = (
				4D1E20C72BFDB3670023B910 /* BookWarden */,
				4D1E20D82BFDB36A0023B910 /* BookWardenTests */,
				4D1E20E22BFDB36A0023B910 /* BookWardenUITests */,
				4D1E20C62BFDB3670023B910 /* Products */,
			);
			sourceTree = "<group>";
		};
		4D1E20C62BFDB3670023B910 /* Products */ = {
			isa = PBXGroup;
			children = (
				4D1E20C52BFDB3670023B910 /* BookWarden.app */,
				4D1E20D52BFDB36A0023B910 /* BookWardenTests.xctest */,
				4D1E20DF2BFDB36A0023B910 /* BookWardenUITests.xctest */,
			);
			name = Products;
			sourceTree = "<group>";
		};
		4D1E20C72BFDB3670023B910 /* BookWarden */ = {
			isa = PBXGroup;
			children = (
				4D20410B2C0B676E004FC6B9 /* ViewModel */,
				4D5ADAA22C04EFEE002EAC6A /* Views */,
				4D1E20F22BFDB4170023B910 /* Models */,
				4D1E20C82BFDB3670023B910 /* BookWardenApp.swift */,
				4D1E20CA2BFDB3670023B910 /* ContentView.swift */,
				4D1E20CC2BFDB3690023B910 /* Assets.xcassets */,
				4D1E20CE2BFDB3690023B910 /* Preview Content */,
			);
			path = BookWarden;
			sourceTree = "<group>";
		};
		4D1E20CE2BFDB3690023B910 /* Preview Content */ = {
			isa = PBXGroup;
			children = (
				4D1E20CF2BFDB3690023B910 /* Preview Assets.xcassets */,
			);
			path = "Preview Content";
			sourceTree = "<group>";
		};
		4D1E20D82BFDB36A0023B910 /* BookWardenTests */ = {
			isa = PBXGroup;
			children = (
				4D1E20D92BFDB36A0023B910 /* BookWardenTests.swift */,
			);
			path = BookWardenTests;
			sourceTree = "<group>";
		};
		4D1E20E22BFDB36A0023B910 /* BookWardenUITests */ = {
			isa = PBXGroup;
			children = (
				4D1E20E32BFDB36A0023B910 /* BookWardenUITests.swift */,
				4D1E20E52BFDB36A0023B910 /* BookWardenUITestsLaunchTests.swift */,
			);
			path = BookWardenUITests;
			sourceTree = "<group>";
		};
		4D1E20F22BFDB4170023B910 /* Models */ = {
			isa = PBXGroup;
			children = (
				4D2040FD2C0A3077004FC6B9 /* User.swift */,
				4D2040FF2C0A3106004FC6B9 /* Fine.swift */,
				4D2041012C0A312E004FC6B9 /* Wishlist.swift */,
				4D2041032C0A3146004FC6B9 /* Book.swift */,
				4D2041052C0A31B2004FC6B9 /* Genre.swift */,
				4D2041072C0A32AE004FC6B9 /* Issue.swift */,
				4D2041092C0A3308004FC6B9 /* Library.swift */,
			);
			path = Models;
			sourceTree = "<group>";
		};
		4D2040D02C065BA9004FC6B9 /* SubComponents */ = {
			isa = PBXGroup;
			children = (
				4D2040D12C065BFE004FC6B9 /* CategoryComponent.swift */,
				4D2040D52C071818004FC6B9 /* TitleComponent.swift */,
				4D2040D72C0718E2004FC6B9 /* ArrivalCardsSubView.swift */,
				4D2040E92C08DCCE004FC6B9 /* WishListCardView.swift */,
			);
			path = SubComponents;
			sourceTree = "<group>";
		};
		4D2040D92C076B42004FC6B9 /* GlobalViews */ = {
			isa = PBXGroup;
			children = (
				4D2040E12C07965E004FC6B9 /* GlobalComponents */,
				4D2040DA2C076C16004FC6B9 /* BooksCategoryListView.swift */,
				4DCD0F662C0D1372003CB23F /* BookDescriptionView.swift */,
			);
			path = GlobalViews;
			sourceTree = "<group>";
		};
		4D2040DF2C079634004FC6B9 /* GlobalSubComponents */ = {
			isa = PBXGroup;
			children = (
			);
			path = GlobalSubComponents;
			sourceTree = "<group>";
		};
		4D2040E12C07965E004FC6B9 /* GlobalComponents */ = {
			isa = PBXGroup;
			children = (
				4D2040F72C09F1DF004FC6B9 /* CatalogueSingleBookSubView.swift */,
				4D2040DF2C079634004FC6B9 /* GlobalSubComponents */,
				4D2040E22C0798CA004FC6B9 /* CategorySubView.swift */,
			);
			path = GlobalComponents;
			sourceTree = "<group>";
		};
		4D2040EB2C08E500004FC6B9 /* Onboarding */ = {
			isa = PBXGroup;
			children = (
				4D2040EC2C08E516004FC6B9 /* Login.swift */,
			);
			path = Onboarding;
			sourceTree = "<group>";
		};
		4D2040F02C09E528004FC6B9 /* SubViews */ = {
			isa = PBXGroup;
			children = (
				3D8EEAAF2C18491400C8E01A /* CameraViewController.swift */,
        3D8EEAB32C184DB800C8E01A /* IssueRequestModalView.swift */,
				4DA27A8A2C11B01500AE9055 /* UserDetailView.swift */,
				4DA27A8C2C11B06C00AE9055 /* IssuedBooks.swift */,
				4DA27A902C11B0AB00AE9055 /* UserFinesView.swift */,
				4DA27A942C124E9600AE9055 /* AddBookModalView.swift */,
				4DA27A962C1303A500AE9055 /* QRScannerView.swift */,
			);
			path = SubViews;
			sourceTree = "<group>";
		};
		4D2040F12C09E532004FC6B9 /* SubComponents */ = {
			isa = PBXGroup;
			children = (
				4DA27A8E2C11B08700AE9055 /* IssuedBooksCard.swift */,
				4DA27A922C11B0D800AE9055 /* FinesViewCard.swift */,
			);
			path = SubComponents;
			sourceTree = "<group>";
		};
		4D2040F22C09E539004FC6B9 /* New Group */ = {
			isa = PBXGroup;
			children = (
			);
			path = "New Group";
			sourceTree = "<group>";
		};
		4D20410B2C0B676E004FC6B9 /* ViewModel */ = {
			isa = PBXGroup;
			children = (
				4D20410C2C0B678B004FC6B9 /* LibraryManager.swift */,
				4D20410E2C0B8421004FC6B9 /* IssueManager.swift */,
				4D2041102C0B843B004FC6B9 /* GenreManager.swift */,
				4D2041122C0B849E004FC6B9 /* BookManager.swift */,
				4D2041142C0B84F4004FC6B9 /* WishlistManager.swift */,
				4D2041162C0B8528004FC6B9 /* FineManager.swift */,
				4D2041182C0B8547004FC6B9 /* UserManager.swift */,
			);
			path = ViewModel;
			sourceTree = "<group>";
		};
		4D5ADAA22C04EFEE002EAC6A /* Views */ = {
			isa = PBXGroup;
			children = (
				4D2040EB2C08E500004FC6B9 /* Onboarding */,
				4D2040D92C076B42004FC6B9 /* GlobalViews */,
				4D5ADAA52C04F087002EAC6A /* Admin */,
				4D5ADAA42C04F076002EAC6A /* Librarian */,
				4D5ADAA32C04F06D002EAC6A /* User */,
			);
			path = Views;
			sourceTree = "<group>";
		};
		4D5ADAA32C04F06D002EAC6A /* User */ = {
			isa = PBXGroup;
			children = (
				4D5ADAB42C04F80D002EAC6A /* Profile */,
				4D5ADAB12C04F758002EAC6A /* Wishlist */,
				4D5ADAAE2C04F6F8002EAC6A /* Library */,
				4D5ADAAD2C04F6E6002EAC6A /* Home */,
				4D8F430C2C05E92A00B3F342 /* UserView.swift */,
			);
			path = User;
			sourceTree = "<group>";
		};
		4D5ADAA42C04F076002EAC6A /* Librarian */ = {
			isa = PBXGroup;
			children = (
				4D2040F22C09E539004FC6B9 /* New Group */,
				4D2040F12C09E532004FC6B9 /* SubComponents */,
				4D2040F02C09E528004FC6B9 /* SubViews */,
				4D5ADAA92C04F0C5002EAC6A /* LibrarianStatsView.swift */,
				4D2040EE2C09AF03004FC6B9 /* LibrarianView.swift */,
				4D2040F32C09E59B004FC6B9 /* LibrarianCatalogueView.swift */,
				4D2040F52C09E6D8004FC6B9 /* LibrarianUsersView.swift */,
				4D2040F92C09FDFB004FC6B9 /* LibrarianRequestsView.swift */,
				3D2D61D22C18427B0046C2F4 /* LibraryIssueView.swift */,
			);
			path = Librarian;
			sourceTree = "<group>";
		};
		4D5ADAA52C04F087002EAC6A /* Admin */ = {
			isa = PBXGroup;
			children = (
				4DCD0F6B2C0DAF0C003CB23F /* SubComponents */,
				4DCD0F682C0DAE16003CB23F /* SubViews */,
				4D5ADAAB2C04F0D2002EAC6A /* AdminHomeView.swift */,
				4DCD0F692C0DAE2F003CB23F /* AdminLibrariesView.swift */,
				4DCD0F6E2C0DB4F0003CB23F /* AdminStatsView.swift */,
			);
			path = Admin;
			sourceTree = "<group>";
		};
		4D5ADAAD2C04F6E6002EAC6A /* Home */ = {
			isa = PBXGroup;
			children = (
				4D2040D02C065BA9004FC6B9 /* SubComponents */,
				4D8F430E2C05EC2B00B3F342 /* SubViews */,
				4D5ADAA72C04F0B1002EAC6A /* UserHomeView.swift */,
			);
			path = Home;
			sourceTree = "<group>";
		};
		4D5ADAAE2C04F6F8002EAC6A /* Library */ = {
			isa = PBXGroup;
			children = (
				4D5ADAAF2C04F709002EAC6A /* UserLibraryView.swift */,
			);
			path = Library;
			sourceTree = "<group>";
		};
		4D5ADAB12C04F758002EAC6A /* Wishlist */ = {
			isa = PBXGroup;
			children = (
				4D5ADAB22C04F776002EAC6A /* UserWishlistView.swift */,
			);
			path = Wishlist;
			sourceTree = "<group>";
		};
		4D5ADAB42C04F80D002EAC6A /* Profile */ = {
			isa = PBXGroup;
			children = (
				4DCD0F722C0F8225003CB23F /* SubViews */,
				4D5ADAB52C04F819002EAC6A /* UserProfileView.swift */,
			);
			path = Profile;
			sourceTree = "<group>";
		};
		4D8F430E2C05EC2B00B3F342 /* SubViews */ = {
			isa = PBXGroup;
			children = (
				4D8F430F2C05EC4F00B3F342 /* HomeDeadlineCard.swift */,
				4D2040CE2C064542004FC6B9 /* UserRecommendationView.swift */,
				4D2040D32C0716B4004FC6B9 /* UserHomeGenresSubView.swift */,
				4D2040DD2C076E54004FC6B9 /* ArrivalBooks.swift */,
			);
			path = SubViews;
			sourceTree = "<group>";
		};
		4DCD0F682C0DAE16003CB23F /* SubViews */ = {
			isa = PBXGroup;
			children = (
				4DCD0F702C0DB869003CB23F /* AdminAddLibrarySubView.swift */,
			);
			path = SubViews;
			sourceTree = "<group>";
		};
		4DCD0F6B2C0DAF0C003CB23F /* SubComponents */ = {
			isa = PBXGroup;
			children = (
				4DCD0F6C2C0DAF23003CB23F /* SingleLibraryView.swift */,
			);
			path = SubComponents;
			sourceTree = "<group>";
		};
		4DCD0F722C0F8225003CB23F /* SubViews */ = {
			isa = PBXGroup;
			children = (
				4DCD0F732C0F825C003CB23F /* IssuedBooksView.swift */,
				4DCD0F752C0F828D003CB23F /* IssuedBooksSSView.swift */,
				4DCD0F772C0F82AD003CB23F /* FinesView.swift */,
				4DCD0F792C0F82DE003CB23F /* BookFineCard.swift */,
			);
			path = SubViews;
			sourceTree = "<group>";
		};
/* End PBXGroup section */

/* Begin PBXNativeTarget section */
		4D1E20C42BFDB3670023B910 /* BookWarden */ = {
			isa = PBXNativeTarget;
			buildConfigurationList = 4D1E20E92BFDB36A0023B910 /* Build configuration list for PBXNativeTarget "BookWarden" */;
			buildPhases = (
				4D1E20C12BFDB3670023B910 /* Sources */,
				4D1E20C22BFDB3670023B910 /* Frameworks */,
				4D1E20C32BFDB3670023B910 /* Resources */,
			);
			buildRules = (
			);
			dependencies = (
			);
			name = BookWarden;
			productName = BookWarden;
			productReference = 4D1E20C52BFDB3670023B910 /* BookWarden.app */;
			productType = "com.apple.product-type.application";
		};
		4D1E20D42BFDB36A0023B910 /* BookWardenTests */ = {
			isa = PBXNativeTarget;
			buildConfigurationList = 4D1E20EC2BFDB36A0023B910 /* Build configuration list for PBXNativeTarget "BookWardenTests" */;
			buildPhases = (
				4D1E20D12BFDB36A0023B910 /* Sources */,
				4D1E20D22BFDB36A0023B910 /* Frameworks */,
				4D1E20D32BFDB36A0023B910 /* Resources */,
			);
			buildRules = (
			);
			dependencies = (
				4D1E20D72BFDB36A0023B910 /* PBXTargetDependency */,
			);
			name = BookWardenTests;
			productName = BookWardenTests;
			productReference = 4D1E20D52BFDB36A0023B910 /* BookWardenTests.xctest */;
			productType = "com.apple.product-type.bundle.unit-test";
		};
		4D1E20DE2BFDB36A0023B910 /* BookWardenUITests */ = {
			isa = PBXNativeTarget;
			buildConfigurationList = 4D1E20EF2BFDB36A0023B910 /* Build configuration list for PBXNativeTarget "BookWardenUITests" */;
			buildPhases = (
				4D1E20DB2BFDB36A0023B910 /* Sources */,
				4D1E20DC2BFDB36A0023B910 /* Frameworks */,
				4D1E20DD2BFDB36A0023B910 /* Resources */,
			);
			buildRules = (
			);
			dependencies = (
				4D1E20E12BFDB36A0023B910 /* PBXTargetDependency */,
			);
			name = BookWardenUITests;
			productName = BookWardenUITests;
			productReference = 4D1E20DF2BFDB36A0023B910 /* BookWardenUITests.xctest */;
			productType = "com.apple.product-type.bundle.ui-testing";
		};
/* End PBXNativeTarget section */

/* Begin PBXProject section */
		4D1E20BD2BFDB3670023B910 /* Project object */ = {
			isa = PBXProject;
			attributes = {
				BuildIndependentTargetsInParallel = 1;
				LastSwiftUpdateCheck = 1540;
				LastUpgradeCheck = 1540;
				TargetAttributes = {
					4D1E20C42BFDB3670023B910 = {
						CreatedOnToolsVersion = 15.4;
					};
					4D1E20D42BFDB36A0023B910 = {
						CreatedOnToolsVersion = 15.4;
						TestTargetID = 4D1E20C42BFDB3670023B910;
					};
					4D1E20DE2BFDB36A0023B910 = {
						CreatedOnToolsVersion = 15.4;
						TestTargetID = 4D1E20C42BFDB3670023B910;
					};
				};
			};
			buildConfigurationList = 4D1E20C02BFDB3670023B910 /* Build configuration list for PBXProject "BookWarden" */;
			compatibilityVersion = "Xcode 14.0";
			developmentRegion = en;
			hasScannedForEncodings = 0;
			knownRegions = (
				en,
				Base,
			);
			mainGroup = 4D1E20BC2BFDB3670023B910;
			productRefGroup = 4D1E20C62BFDB3670023B910 /* Products */;
			projectDirPath = "";
			projectRoot = "";
			targets = (
				4D1E20C42BFDB3670023B910 /* BookWarden */,
				4D1E20D42BFDB36A0023B910 /* BookWardenTests */,
				4D1E20DE2BFDB36A0023B910 /* BookWardenUITests */,
			);
		};
/* End PBXProject section */

/* Begin PBXResourcesBuildPhase section */
		4D1E20C32BFDB3670023B910 /* Resources */ = {
			isa = PBXResourcesBuildPhase;
			buildActionMask = 2147483647;
			files = (
				4D1E20D02BFDB3690023B910 /* Preview Assets.xcassets in Resources */,
				4D1E20CD2BFDB3690023B910 /* Assets.xcassets in Resources */,
			);
			runOnlyForDeploymentPostprocessing = 0;
		};
		4D1E20D32BFDB36A0023B910 /* Resources */ = {
			isa = PBXResourcesBuildPhase;
			buildActionMask = 2147483647;
			files = (
			);
			runOnlyForDeploymentPostprocessing = 0;
		};
		4D1E20DD2BFDB36A0023B910 /* Resources */ = {
			isa = PBXResourcesBuildPhase;
			buildActionMask = 2147483647;
			files = (
			);
			runOnlyForDeploymentPostprocessing = 0;
		};
/* End PBXResourcesBuildPhase section */

/* Begin PBXSourcesBuildPhase section */
		4D1E20C12BFDB3670023B910 /* Sources */ = {
			isa = PBXSourcesBuildPhase;
			buildActionMask = 2147483647;
			files = (
				4D2041022C0A312E004FC6B9 /* Wishlist.swift in Sources */,
				4D2041112C0B843B004FC6B9 /* GenreManager.swift in Sources */,
				4D2041082C0A32AE004FC6B9 /* Issue.swift in Sources */,
				4D2041192C0B8547004FC6B9 /* UserManager.swift in Sources */,
				4D2041172C0B8528004FC6B9 /* FineManager.swift in Sources */,
				4D2040FE2C0A3077004FC6B9 /* User.swift in Sources */,
				4D2040DE2C076E54004FC6B9 /* ArrivalBooks.swift in Sources */,
				4D2040EF2C09AF03004FC6B9 /* LibrarianView.swift in Sources */,
				4D8F43102C05EC4F00B3F342 /* HomeDeadlineCard.swift in Sources */,
				4DCD0F6A2C0DAE2F003CB23F /* AdminLibrariesView.swift in Sources */,
				4D2040EA2C08DCCE004FC6B9 /* WishListCardView.swift in Sources */,
				4D5ADAB32C04F776002EAC6A /* UserWishlistView.swift in Sources */,
				4D1E20CB2BFDB3670023B910 /* ContentView.swift in Sources */,
				4DA27A8D2C11B06C00AE9055 /* IssuedBooks.swift in Sources */,
				4D2040CF2C064542004FC6B9 /* UserRecommendationView.swift in Sources */,
				4DCD0F762C0F828D003CB23F /* IssuedBooksSSView.swift in Sources */,
				4D2041062C0A31B2004FC6B9 /* Genre.swift in Sources */,
				4DCD0F672C0D1372003CB23F /* BookDescriptionView.swift in Sources */,
				4D5ADAB02C04F709002EAC6A /* UserLibraryView.swift in Sources */,
				4D5ADAB62C04F819002EAC6A /* UserProfileView.swift in Sources */,
				4D5ADAA82C04F0B1002EAC6A /* UserHomeView.swift in Sources */,
				4DCD0F7A2C0F82DE003CB23F /* BookFineCard.swift in Sources */,
				4D2040D22C065BFE004FC6B9 /* CategoryComponent.swift in Sources */,
				4DA27A952C124E9600AE9055 /* AddBookModalView.swift in Sources */,
				4DA27A972C1303A500AE9055 /* QRScannerView.swift in Sources */,
				4DA27A932C11B0D800AE9055 /* FinesViewCard.swift in Sources */,
				4D2040E32C0798CA004FC6B9 /* CategorySubView.swift in Sources */,
				4D2040ED2C08E516004FC6B9 /* Login.swift in Sources */,
				4D2040FA2C09FDFB004FC6B9 /* LibrarianRequestsView.swift in Sources */,
				4DA27A8B2C11B01500AE9055 /* UserDetailView.swift in Sources */,
				4D2040D62C071818004FC6B9 /* TitleComponent.swift in Sources */,
				4D2041002C0A3106004FC6B9 /* Fine.swift in Sources */,
				4D2041042C0A3146004FC6B9 /* Book.swift in Sources */,
				3D8EEAB42C184DB800C8E01A /* IssueRequestModalView.swift in Sources */,
				4D2040DB2C076C16004FC6B9 /* BooksCategoryListView.swift in Sources */,
				4DCD0F712C0DB869003CB23F /* AdminAddLibrarySubView.swift in Sources */,
				4D5ADAAC2C04F0D2002EAC6A /* AdminHomeView.swift in Sources */,
				4D5ADAAA2C04F0C5002EAC6A /* LibrarianStatsView.swift in Sources */,
				4DA27A912C11B0AB00AE9055 /* UserFinesView.swift in Sources */,
				4D2040D82C0718E2004FC6B9 /* ArrivalCardsSubView.swift in Sources */,
				4D20410F2C0B8421004FC6B9 /* IssueManager.swift in Sources */,
				4D8F430D2C05E92A00B3F342 /* UserView.swift in Sources */,
				4D2040F42C09E59C004FC6B9 /* LibrarianCatalogueView.swift in Sources */,
				4D2040F82C09F1DF004FC6B9 /* CatalogueSingleBookSubView.swift in Sources */,
				3D2D61D32C18427B0046C2F4 /* LibraryIssueView.swift in Sources */,
				4DCD0F6F2C0DB4F0003CB23F /* AdminStatsView.swift in Sources */,
				4DCD0F742C0F825C003CB23F /* IssuedBooksView.swift in Sources */,
				4D2041132C0B849E004FC6B9 /* BookManager.swift in Sources */,
				4D2040F62C09E6D8004FC6B9 /* LibrarianUsersView.swift in Sources */,
				4D20410A2C0A3308004FC6B9 /* Library.swift in Sources */,
				4DA27A8F2C11B08700AE9055 /* IssuedBooksCard.swift in Sources */,
				4D2040D42C0716B4004FC6B9 /* UserHomeGenresSubView.swift in Sources */,
				4D1E20C92BFDB3670023B910 /* BookWardenApp.swift in Sources */,
				4DCD0F782C0F82AD003CB23F /* FinesView.swift in Sources */,
				4D20410D2C0B678B004FC6B9 /* LibraryManager.swift in Sources */,
				3D8EEAB02C18491400C8E01A /* CameraViewController.swift in Sources */,
				4DCD0F6D2C0DAF23003CB23F /* SingleLibraryView.swift in Sources */,
				4D2041152C0B84F4004FC6B9 /* WishlistManager.swift in Sources */,
			);
			runOnlyForDeploymentPostprocessing = 0;
		};
		4D1E20D12BFDB36A0023B910 /* Sources */ = {
			isa = PBXSourcesBuildPhase;
			buildActionMask = 2147483647;
			files = (
				4D1E20DA2BFDB36A0023B910 /* BookWardenTests.swift in Sources */,
			);
			runOnlyForDeploymentPostprocessing = 0;
		};
		4D1E20DB2BFDB36A0023B910 /* Sources */ = {
			isa = PBXSourcesBuildPhase;
			buildActionMask = 2147483647;
			files = (
				4D1E20E62BFDB36A0023B910 /* BookWardenUITestsLaunchTests.swift in Sources */,
				4D1E20E42BFDB36A0023B910 /* BookWardenUITests.swift in Sources */,
			);
			runOnlyForDeploymentPostprocessing = 0;
		};
/* End PBXSourcesBuildPhase section */

/* Begin PBXTargetDependency section */
		4D1E20D72BFDB36A0023B910 /* PBXTargetDependency */ = {
			isa = PBXTargetDependency;
			target = 4D1E20C42BFDB3670023B910 /* BookWarden */;
			targetProxy = 4D1E20D62BFDB36A0023B910 /* PBXContainerItemProxy */;
		};
		4D1E20E12BFDB36A0023B910 /* PBXTargetDependency */ = {
			isa = PBXTargetDependency;
			target = 4D1E20C42BFDB3670023B910 /* BookWarden */;
			targetProxy = 4D1E20E02BFDB36A0023B910 /* PBXContainerItemProxy */;
		};
/* End PBXTargetDependency section */

/* Begin XCBuildConfiguration section */
		4D1E20E72BFDB36A0023B910 /* Debug */ = {
			isa = XCBuildConfiguration;
			buildSettings = {
				ALWAYS_SEARCH_USER_PATHS = NO;
				ASSETCATALOG_COMPILER_GENERATE_SWIFT_ASSET_SYMBOL_EXTENSIONS = YES;
				CLANG_ANALYZER_NONNULL = YES;
				CLANG_ANALYZER_NUMBER_OBJECT_CONVERSION = YES_AGGRESSIVE;
				CLANG_CXX_LANGUAGE_STANDARD = "gnu++20";
				CLANG_ENABLE_MODULES = YES;
				CLANG_ENABLE_OBJC_ARC = YES;
				CLANG_ENABLE_OBJC_WEAK = YES;
				CLANG_WARN_BLOCK_CAPTURE_AUTORELEASING = YES;
				CLANG_WARN_BOOL_CONVERSION = YES;
				CLANG_WARN_COMMA = YES;
				CLANG_WARN_CONSTANT_CONVERSION = YES;
				CLANG_WARN_DEPRECATED_OBJC_IMPLEMENTATIONS = YES;
				CLANG_WARN_DIRECT_OBJC_ISA_USAGE = YES_ERROR;
				CLANG_WARN_DOCUMENTATION_COMMENTS = YES;
				CLANG_WARN_EMPTY_BODY = YES;
				CLANG_WARN_ENUM_CONVERSION = YES;
				CLANG_WARN_INFINITE_RECURSION = YES;
				CLANG_WARN_INT_CONVERSION = YES;
				CLANG_WARN_NON_LITERAL_NULL_CONVERSION = YES;
				CLANG_WARN_OBJC_IMPLICIT_RETAIN_SELF = YES;
				CLANG_WARN_OBJC_LITERAL_CONVERSION = YES;
				CLANG_WARN_OBJC_ROOT_CLASS = YES_ERROR;
				CLANG_WARN_QUOTED_INCLUDE_IN_FRAMEWORK_HEADER = YES;
				CLANG_WARN_RANGE_LOOP_ANALYSIS = YES;
				CLANG_WARN_STRICT_PROTOTYPES = YES;
				CLANG_WARN_SUSPICIOUS_MOVE = YES;
				CLANG_WARN_UNGUARDED_AVAILABILITY = YES_AGGRESSIVE;
				CLANG_WARN_UNREACHABLE_CODE = YES;
				CLANG_WARN__DUPLICATE_METHOD_MATCH = YES;
				COPY_PHASE_STRIP = NO;
				DEBUG_INFORMATION_FORMAT = dwarf;
				ENABLE_STRICT_OBJC_MSGSEND = YES;
				ENABLE_TESTABILITY = YES;
				ENABLE_USER_SCRIPT_SANDBOXING = YES;
				GCC_C_LANGUAGE_STANDARD = gnu17;
				GCC_DYNAMIC_NO_PIC = NO;
				GCC_NO_COMMON_BLOCKS = YES;
				GCC_OPTIMIZATION_LEVEL = 0;
				GCC_PREPROCESSOR_DEFINITIONS = (
					"DEBUG=1",
					"$(inherited)",
				);
				GCC_WARN_64_TO_32_BIT_CONVERSION = YES;
				GCC_WARN_ABOUT_RETURN_TYPE = YES_ERROR;
				GCC_WARN_UNDECLARED_SELECTOR = YES;
				GCC_WARN_UNINITIALIZED_AUTOS = YES_AGGRESSIVE;
				GCC_WARN_UNUSED_FUNCTION = YES;
				GCC_WARN_UNUSED_VARIABLE = YES;
				IPHONEOS_DEPLOYMENT_TARGET = 17.5;
				LOCALIZATION_PREFERS_STRING_CATALOGS = YES;
				MTL_ENABLE_DEBUG_INFO = INCLUDE_SOURCE;
				MTL_FAST_MATH = YES;
				ONLY_ACTIVE_ARCH = YES;
				SDKROOT = iphoneos;
				SWIFT_ACTIVE_COMPILATION_CONDITIONS = "DEBUG $(inherited)";
				SWIFT_OPTIMIZATION_LEVEL = "-Onone";
			};
			name = Debug;
		};
		4D1E20E82BFDB36A0023B910 /* Release */ = {
			isa = XCBuildConfiguration;
			buildSettings = {
				ALWAYS_SEARCH_USER_PATHS = NO;
				ASSETCATALOG_COMPILER_GENERATE_SWIFT_ASSET_SYMBOL_EXTENSIONS = YES;
				CLANG_ANALYZER_NONNULL = YES;
				CLANG_ANALYZER_NUMBER_OBJECT_CONVERSION = YES_AGGRESSIVE;
				CLANG_CXX_LANGUAGE_STANDARD = "gnu++20";
				CLANG_ENABLE_MODULES = YES;
				CLANG_ENABLE_OBJC_ARC = YES;
				CLANG_ENABLE_OBJC_WEAK = YES;
				CLANG_WARN_BLOCK_CAPTURE_AUTORELEASING = YES;
				CLANG_WARN_BOOL_CONVERSION = YES;
				CLANG_WARN_COMMA = YES;
				CLANG_WARN_CONSTANT_CONVERSION = YES;
				CLANG_WARN_DEPRECATED_OBJC_IMPLEMENTATIONS = YES;
				CLANG_WARN_DIRECT_OBJC_ISA_USAGE = YES_ERROR;
				CLANG_WARN_DOCUMENTATION_COMMENTS = YES;
				CLANG_WARN_EMPTY_BODY = YES;
				CLANG_WARN_ENUM_CONVERSION = YES;
				CLANG_WARN_INFINITE_RECURSION = YES;
				CLANG_WARN_INT_CONVERSION = YES;
				CLANG_WARN_NON_LITERAL_NULL_CONVERSION = YES;
				CLANG_WARN_OBJC_IMPLICIT_RETAIN_SELF = YES;
				CLANG_WARN_OBJC_LITERAL_CONVERSION = YES;
				CLANG_WARN_OBJC_ROOT_CLASS = YES_ERROR;
				CLANG_WARN_QUOTED_INCLUDE_IN_FRAMEWORK_HEADER = YES;
				CLANG_WARN_RANGE_LOOP_ANALYSIS = YES;
				CLANG_WARN_STRICT_PROTOTYPES = YES;
				CLANG_WARN_SUSPICIOUS_MOVE = YES;
				CLANG_WARN_UNGUARDED_AVAILABILITY = YES_AGGRESSIVE;
				CLANG_WARN_UNREACHABLE_CODE = YES;
				CLANG_WARN__DUPLICATE_METHOD_MATCH = YES;
				COPY_PHASE_STRIP = NO;
				DEBUG_INFORMATION_FORMAT = "dwarf-with-dsym";
				ENABLE_NS_ASSERTIONS = NO;
				ENABLE_STRICT_OBJC_MSGSEND = YES;
				ENABLE_USER_SCRIPT_SANDBOXING = YES;
				GCC_C_LANGUAGE_STANDARD = gnu17;
				GCC_NO_COMMON_BLOCKS = YES;
				GCC_WARN_64_TO_32_BIT_CONVERSION = YES;
				GCC_WARN_ABOUT_RETURN_TYPE = YES_ERROR;
				GCC_WARN_UNDECLARED_SELECTOR = YES;
				GCC_WARN_UNINITIALIZED_AUTOS = YES_AGGRESSIVE;
				GCC_WARN_UNUSED_FUNCTION = YES;
				GCC_WARN_UNUSED_VARIABLE = YES;
				IPHONEOS_DEPLOYMENT_TARGET = 17.5;
				LOCALIZATION_PREFERS_STRING_CATALOGS = YES;
				MTL_ENABLE_DEBUG_INFO = NO;
				MTL_FAST_MATH = YES;
				SDKROOT = iphoneos;
				SWIFT_COMPILATION_MODE = wholemodule;
				VALIDATE_PRODUCT = YES;
			};
			name = Release;
		};
		4D1E20EA2BFDB36A0023B910 /* Debug */ = {
			isa = XCBuildConfiguration;
			buildSettings = {
				ASSETCATALOG_COMPILER_APPICON_NAME = AppIcon;
				ASSETCATALOG_COMPILER_GLOBAL_ACCENT_COLOR_NAME = AccentColor;
				CODE_SIGN_STYLE = Automatic;
				CURRENT_PROJECT_VERSION = 1;
				DEVELOPMENT_ASSET_PATHS = "\"BookWarden/Preview Content\"";
				DEVELOPMENT_TEAM = 7H4KT73752;
				ENABLE_PREVIEWS = YES;
				GENERATE_INFOPLIST_FILE = YES;
				INFOPLIST_KEY_NSCameraUsageDescription = "qrcode scan";
				INFOPLIST_KEY_UIApplicationSceneManifest_Generation = YES;
				INFOPLIST_KEY_UIApplicationSupportsIndirectInputEvents = YES;
				INFOPLIST_KEY_UILaunchScreen_Generation = YES;
				INFOPLIST_KEY_UISupportedInterfaceOrientations_iPad = "UIInterfaceOrientationPortrait UIInterfaceOrientationPortraitUpsideDown UIInterfaceOrientationLandscapeLeft UIInterfaceOrientationLandscapeRight";
				INFOPLIST_KEY_UISupportedInterfaceOrientations_iPhone = "UIInterfaceOrientationPortrait UIInterfaceOrientationLandscapeLeft UIInterfaceOrientationLandscapeRight";
				LD_RUNPATH_SEARCH_PATHS = (
					"$(inherited)",
					"@executable_path/Frameworks",
				);
				MARKETING_VERSION = 1.0;
				PRODUCT_BUNDLE_IDENTIFIER = com.palak.BookWarden;
				PRODUCT_NAME = "$(TARGET_NAME)";
				SWIFT_EMIT_LOC_STRINGS = YES;
				SWIFT_VERSION = 5.0;
				TARGETED_DEVICE_FAMILY = "1,2";
			};
			name = Debug;
		};
		4D1E20EB2BFDB36A0023B910 /* Release */ = {
			isa = XCBuildConfiguration;
			buildSettings = {
				ASSETCATALOG_COMPILER_APPICON_NAME = AppIcon;
				ASSETCATALOG_COMPILER_GLOBAL_ACCENT_COLOR_NAME = AccentColor;
				CODE_SIGN_STYLE = Automatic;
				CURRENT_PROJECT_VERSION = 1;
				DEVELOPMENT_ASSET_PATHS = "\"BookWarden/Preview Content\"";
				DEVELOPMENT_TEAM = 7H4KT73752;
				ENABLE_PREVIEWS = YES;
				GENERATE_INFOPLIST_FILE = YES;
				INFOPLIST_KEY_NSCameraUsageDescription = "Give me the perms";
				INFOPLIST_KEY_UIApplicationSceneManifest_Generation = YES;
				INFOPLIST_KEY_UIApplicationSupportsIndirectInputEvents = YES;
				INFOPLIST_KEY_UILaunchScreen_Generation = YES;
				INFOPLIST_KEY_UISupportedInterfaceOrientations_iPad = "UIInterfaceOrientationPortrait UIInterfaceOrientationPortraitUpsideDown UIInterfaceOrientationLandscapeLeft UIInterfaceOrientationLandscapeRight";
				INFOPLIST_KEY_UISupportedInterfaceOrientations_iPhone = "UIInterfaceOrientationPortrait UIInterfaceOrientationLandscapeLeft UIInterfaceOrientationLandscapeRight";
				LD_RUNPATH_SEARCH_PATHS = (
					"$(inherited)",
					"@executable_path/Frameworks",
				);
				MARKETING_VERSION = 1.0;
				PRODUCT_BUNDLE_IDENTIFIER = com.palak.BookWarden;
				PRODUCT_NAME = "$(TARGET_NAME)";
				SWIFT_EMIT_LOC_STRINGS = YES;
				SWIFT_VERSION = 5.0;
				TARGETED_DEVICE_FAMILY = "1,2";
			};
			name = Release;
		};
		4D1E20ED2BFDB36A0023B910 /* Debug */ = {
			isa = XCBuildConfiguration;
			buildSettings = {
				ALWAYS_EMBED_SWIFT_STANDARD_LIBRARIES = YES;
				BUNDLE_LOADER = "$(TEST_HOST)";
				CODE_SIGN_STYLE = Automatic;
				CURRENT_PROJECT_VERSION = 1;
				DEVELOPMENT_TEAM = 7GVS3WCNXX;
				GENERATE_INFOPLIST_FILE = YES;
				IPHONEOS_DEPLOYMENT_TARGET = 17.5;
				MARKETING_VERSION = 1.0;
				PRODUCT_BUNDLE_IDENTIFIER = Ansh.BookWardenTests;
				PRODUCT_NAME = "$(TARGET_NAME)";
				SWIFT_EMIT_LOC_STRINGS = NO;
				SWIFT_VERSION = 5.0;
				TARGETED_DEVICE_FAMILY = "1,2";
				TEST_HOST = "$(BUILT_PRODUCTS_DIR)/BookWarden.app/$(BUNDLE_EXECUTABLE_FOLDER_PATH)/BookWarden";
			};
			name = Debug;
		};
		4D1E20EE2BFDB36A0023B910 /* Release */ = {
			isa = XCBuildConfiguration;
			buildSettings = {
				ALWAYS_EMBED_SWIFT_STANDARD_LIBRARIES = YES;
				BUNDLE_LOADER = "$(TEST_HOST)";
				CODE_SIGN_STYLE = Automatic;
				CURRENT_PROJECT_VERSION = 1;
				DEVELOPMENT_TEAM = 7GVS3WCNXX;
				GENERATE_INFOPLIST_FILE = YES;
				IPHONEOS_DEPLOYMENT_TARGET = 17.5;
				MARKETING_VERSION = 1.0;
				PRODUCT_BUNDLE_IDENTIFIER = Ansh.BookWardenTests;
				PRODUCT_NAME = "$(TARGET_NAME)";
				SWIFT_EMIT_LOC_STRINGS = NO;
				SWIFT_VERSION = 5.0;
				TARGETED_DEVICE_FAMILY = "1,2";
				TEST_HOST = "$(BUILT_PRODUCTS_DIR)/BookWarden.app/$(BUNDLE_EXECUTABLE_FOLDER_PATH)/BookWarden";
			};
			name = Release;
		};
		4D1E20F02BFDB36A0023B910 /* Debug */ = {
			isa = XCBuildConfiguration;
			buildSettings = {
				ALWAYS_EMBED_SWIFT_STANDARD_LIBRARIES = YES;
				CODE_SIGN_STYLE = Automatic;
				CURRENT_PROJECT_VERSION = 1;
				DEVELOPMENT_TEAM = 7GVS3WCNXX;
				GENERATE_INFOPLIST_FILE = YES;
				MARKETING_VERSION = 1.0;
				PRODUCT_BUNDLE_IDENTIFIER = Ansh.BookWardenUITests;
				PRODUCT_NAME = "$(TARGET_NAME)";
				SWIFT_EMIT_LOC_STRINGS = NO;
				SWIFT_VERSION = 5.0;
				TARGETED_DEVICE_FAMILY = "1,2";
				TEST_TARGET_NAME = BookWarden;
			};
			name = Debug;
		};
		4D1E20F12BFDB36A0023B910 /* Release */ = {
			isa = XCBuildConfiguration;
			buildSettings = {
				ALWAYS_EMBED_SWIFT_STANDARD_LIBRARIES = YES;
				CODE_SIGN_STYLE = Automatic;
				CURRENT_PROJECT_VERSION = 1;
				DEVELOPMENT_TEAM = 7GVS3WCNXX;
				GENERATE_INFOPLIST_FILE = YES;
				MARKETING_VERSION = 1.0;
				PRODUCT_BUNDLE_IDENTIFIER = Ansh.BookWardenUITests;
				PRODUCT_NAME = "$(TARGET_NAME)";
				SWIFT_EMIT_LOC_STRINGS = NO;
				SWIFT_VERSION = 5.0;
				TARGETED_DEVICE_FAMILY = "1,2";
				TEST_TARGET_NAME = BookWarden;
			};
			name = Release;
		};
/* End XCBuildConfiguration section */

/* Begin XCConfigurationList section */
		4D1E20C02BFDB3670023B910 /* Build configuration list for PBXProject "BookWarden" */ = {
			isa = XCConfigurationList;
			buildConfigurations = (
				4D1E20E72BFDB36A0023B910 /* Debug */,
				4D1E20E82BFDB36A0023B910 /* Release */,
			);
			defaultConfigurationIsVisible = 0;
			defaultConfigurationName = Release;
		};
		4D1E20E92BFDB36A0023B910 /* Build configuration list for PBXNativeTarget "BookWarden" */ = {
			isa = XCConfigurationList;
			buildConfigurations = (
				4D1E20EA2BFDB36A0023B910 /* Debug */,
				4D1E20EB2BFDB36A0023B910 /* Release */,
			);
			defaultConfigurationIsVisible = 0;
			defaultConfigurationName = Release;
		};
		4D1E20EC2BFDB36A0023B910 /* Build configuration list for PBXNativeTarget "BookWardenTests" */ = {
			isa = XCConfigurationList;
			buildConfigurations = (
				4D1E20ED2BFDB36A0023B910 /* Debug */,
				4D1E20EE2BFDB36A0023B910 /* Release */,
			);
			defaultConfigurationIsVisible = 0;
			defaultConfigurationName = Release;
		};
		4D1E20EF2BFDB36A0023B910 /* Build configuration list for PBXNativeTarget "BookWardenUITests" */ = {
			isa = XCConfigurationList;
			buildConfigurations = (
				4D1E20F02BFDB36A0023B910 /* Debug */,
				4D1E20F12BFDB36A0023B910 /* Release */,
			);
			defaultConfigurationIsVisible = 0;
			defaultConfigurationName = Release;
		};
/* End XCConfigurationList section */
	};
	rootObject = 4D1E20BD2BFDB3670023B910 /* Project object */;
}
